
Microsoft Visual Studio Solution File, Format Version 12.00
# Visual Studio 14
VisualStudioVersion = 14.0.25420.1
MinimumVisualStudioVersion = 10.0.40219.1
Project("{FAE04EC0-301F-11D3-BF4B-00C04F79EFBC}") = "FitSense_UWP", "FitSense_UWP\FitSense_UWP.csproj", "{573A13F8-420A-4731-9CE5-863908B7E1BE}"
EndProject
Project("{FAE04EC0-301F-11D3-BF4B-00C04F79EFBC}") = "FitSense.DAL", "FitSense.DAL\FitSense.DAL.csproj", "{18F4E0BD-E0F5-4D01-B06D-D86F0DA7A039}"
EndProject
Project("{FAE04EC0-301F-11D3-BF4B-00C04F79EFBC}") = "efConsole", "efConsole\efConsole.csproj", "{D58D3D75-D6B2-4CBD-AE30-AC02FA3537B0}"
EndProject
Project("{FAE04EC0-301F-11D3-BF4B-00C04F79EFBC}") = "Fitsense.Models", "Fitsense.Models\Fitsense.Models.csproj", "{0ED13787-A93C-4AD7-8139-8ACCED490DC5}"
EndProject
Global
	GlobalSection(SolutionConfigurationPlatforms) = preSolution
		Debug|Any CPU = Debug|Any CPU
		Debug|ARM = Debug|ARM
		Debug|x64 = Debug|x64
		Debug|x86 = Debug|x86
		Release|Any CPU = Release|Any CPU
		Release|ARM = Release|ARM
		Release|x64 = Release|x64
		Release|x86 = Release|x86
	EndGlobalSection
	GlobalSection(ProjectConfigurationPlatforms) = postSolution
		{573A13F8-420A-4731-9CE5-863908B7E1BE}.Debug|Any CPU.ActiveCfg = Debug|x86
		{573A13F8-420A-4731-9CE5-863908B7E1BE}.Debug|ARM.ActiveCfg = Debug|ARM
		{573A13F8-420A-4731-9CE5-863908B7E1BE}.Debug|ARM.Build.0 = Debug|ARM
		{573A13F8-420A-4731-9CE5-863908B7E1BE}.Debug|ARM.Deploy.0 = Debug|ARM
		{573A13F8-420A-4731-9CE5-863908B7E1BE}.Debug|x64.ActiveCfg = Debug|x64
		{573A13F8-420A-4731-9CE5-863908B7E1BE}.Debug|x64.Build.0 = Debug|x64
		{573A13F8-420A-4731-9CE5-863908B7E1BE}.Debug|x64.Deploy.0 = Debug|x64
		{573A13F8-420A-4731-9CE5-863908B7E1BE}.Debug|x86.ActiveCfg = Debug|x86
		{573A13F8-420A-4731-9CE5-863908B7E1BE}.Debug|x86.Build.0 = Debug|x86
		{573A13F8-420A-4731-9CE5-863908B7E1BE}.Debug|x86.Deploy.0 = Debug|x86
		{573A13F8-420A-4731-9CE5-863908B7E1BE}.Release|Any CPU.ActiveCfg = Release|x86
		{573A13F8-420A-4731-9CE5-863908B7E1BE}.Release|ARM.ActiveCfg = Release|ARM
		{573A13F8-420A-4731-9CE5-863908B7E1BE}.Release|ARM.Build.0 = Release|ARM
		{573A13F8-420A-4731-9CE5-863908B7E1BE}.Release|ARM.Deploy.0 = Release|ARM
		{573A13F8-420A-4731-9CE5-863908B7E1BE}.Release|x64.ActiveCfg = Release|x64
		{573A13F8-420A-4731-9CE5-863908B7E1BE}.Release|x64.Build.0 = Release|x64
		{573A13F8-420A-4731-9CE5-863908B7E1BE}.Release|x64.Deploy.0 = Release|x64
		{573A13F8-420A-4731-9CE5-863908B7E1BE}.Release|x86.ActiveCfg = Release|x86
		{573A13F8-420A-4731-9CE5-863908B7E1BE}.Release|x86.Build.0 = Release|x86
		{573A13F8-420A-4731-9CE5-863908B7E1BE}.Release|x86.Deploy.0 = Release|x86
		{18F4E0BD-E0F5-4D01-B06D-D86F0DA7A039}.Debug|Any CPU.ActiveCfg = Debug|Any CPU
		{18F4E0BD-E0F5-4D01-B06D-D86F0DA7A039}.Debug|Any CPU.Build.0 = Debug|Any CPU
		{18F4E0BD-E0F5-4D01-B06D-D86F0DA7A039}.Debug|ARM.ActiveCfg = Debug|ARM
		{18F4E0BD-E0F5-4D01-B06D-D86F0DA7A039}.Debug|ARM.Build.0 = Debug|ARM
		{18F4E0BD-E0F5-4D01-B06D-D86F0DA7A039}.Debug|x64.ActiveCfg = Debug|x64
		{18F4E0BD-E0F5-4D01-B06D-D86F0DA7A039}.Debug|x64.Build.0 = Debug|x64
		{18F4E0BD-E0F5-4D01-B06D-D86F0DA7A039}.Debug|x86.ActiveCfg = Debug|x86
		{18F4E0BD-E0F5-4D01-B06D-D86F0DA7A039}.Debug|x86.Build.0 = Debug|x86
		{18F4E0BD-E0F5-4D01-B06D-D86F0DA7A039}.Release|Any CPU.ActiveCfg = Release|Any CPU
		{18F4E0BD-E0F5-4D01-B06D-D86F0DA7A039}.Release|Any CPU.Build.0 = Release|Any CPU
		{18F4E0BD-E0F5-4D01-B06D-D86F0DA7A039}.Release|ARM.ActiveCfg = Release|ARM
		{18F4E0BD-E0F5-4D01-B06D-D86F0DA7A039}.Release|ARM.Build.0 = Release|ARM
		{18F4E0BD-E0F5-4D01-B06D-D86F0DA7A039}.Release|x64.ActiveCfg = Release|x64
		{18F4E0BD-E0F5-4D01-B06D-D86F0DA7A039}.Release|x64.Build.0 = Release|x64
		{18F4E0BD-E0F5-4D01-B06D-D86F0DA7A039}.Release|x86.ActiveCfg = Release|x86
		{18F4E0BD-E0F5-4D01-B06D-D86F0DA7A039}.Release|x86.Build.0 = Release|x86
		{D58D3D75-D6B2-4CBD-AE30-AC02FA3537B0}.Debug|Any CPU.ActiveCfg = Debug|Any CPU
		{D58D3D75-D6B2-4CBD-AE30-AC02FA3537B0}.Debug|Any CPU.Build.0 = Debug|Any CPU
		{D58D3D75-D6B2-4CBD-AE30-AC02FA3537B0}.Debug|ARM.ActiveCfg = Debug|Any CPU
		{D58D3D75-D6B2-4CBD-AE30-AC02FA3537B0}.Debug|ARM.Build.0 = Debug|Any CPU
		{D58D3D75-D6B2-4CBD-AE30-AC02FA3537B0}.Debug|x64.ActiveCfg = Debug|Any CPU
		{D58D3D75-D6B2-4CBD-AE30-AC02FA3537B0}.Debug|x64.Build.0 = Debug|Any CPU
		{D58D3D75-D6B2-4CBD-AE30-AC02FA3537B0}.Debug|x86.ActiveCfg = Debug|Any CPU
		{D58D3D75-D6B2-4CBD-AE30-AC02FA3537B0}.Debug|x86.Build.0 = Debug|Any CPU
		{D58D3D75-D6B2-4CBD-AE30-AC02FA3537B0}.Release|Any CPU.ActiveCfg = Release|Any CPU
		{D58D3D75-D6B2-4CBD-AE30-AC02FA3537B0}.Release|Any CPU.Build.0 = Release|Any CPU
		{D58D3D75-D6B2-4CBD-AE30-AC02FA3537B0}.Release|ARM.ActiveCfg = Release|Any CPU
		{D58D3D75-D6B2-4CBD-AE30-AC02FA3537B0}.Release|ARM.Build.0 = Release|Any CPU
		{D58D3D75-D6B2-4CBD-AE30-AC02FA3537B0}.Release|x64.ActiveCfg = Release|Any CPU
		{D58D3D75-D6B2-4CBD-AE30-AC02FA3537B0}.Release|x64.Build.0 = Release|Any CPU
		{D58D3D75-D6B2-4CBD-AE30-AC02FA3537B0}.Release|x86.ActiveCfg = Release|Any CPU
		{D58D3D75-D6B2-4CBD-AE30-AC02FA3537B0}.Release|x86.Build.0 = Release|Any CPU
		{0ED13787-A93C-4AD7-8139-8ACCED490DC5}.Debug|Any CPU.ActiveCfg = Debug|Any CPU
		{0ED13787-A93C-4AD7-8139-8ACCED490DC5}.Debug|Any CPU.Build.0 = Debug|Any CPU
		{0ED13787-A93C-4AD7-8139-8ACCED490DC5}.Debug|ARM.ActiveCfg = Debug|Any CPU
		{0ED13787-A93C-4AD7-8139-8ACCED490DC5}.Debug|ARM.Build.0 = Debug|Any CPU
		{0ED13787-A93C-4AD7-8139-8ACCED490DC5}.Debug|x64.ActiveCfg = Debug|Any CPU
		{0ED13787-A93C-4AD7-8139-8ACCED490DC5}.Debug|x64.Build.0 = Debug|Any CPU
		{0ED13787-A93C-4AD7-8139-8ACCED490DC5}.Debug|x86.ActiveCfg = Debug|Any CPU
		{0ED13787-A93C-4AD7-8139-8ACCED490DC5}.Debug|x86.Build.0 = Debug|Any CPU
		{0ED13787-A93C-4AD7-8139-8ACCED490DC5}.Release|Any CPU.ActiveCfg = Release|Any CPU
		{0ED13787-A93C-4AD7-8139-8ACCED490DC5}.Release|Any CPU.Build.0 = Release|Any CPU
		{0ED13787-A93C-4AD7-8139-8ACCED490DC5}.Release|ARM.ActiveCfg = Release|Any CPU
		{0ED13787-A93C-4AD7-8139-8ACCED490DC5}.Release|ARM.Build.0 = Release|Any CPU
		{0ED13787-A93C-4AD7-8139-8ACCED490DC5}.Release|x64.ActiveCfg = Release|Any CPU
		{0ED13787-A93C-4AD7-8139-8ACCED490DC5}.Release|x64.Build.0 = Release|Any CPU
		{0ED13787-A93C-4AD7-8139-8ACCED490DC5}.Release|x86.ActiveCfg = Release|Any CPU
		{0ED13787-A93C-4AD7-8139-8ACCED490DC5}.Release|x86.Build.0 = Release|Any CPU
	EndGlobalSection
	GlobalSection(SolutionProperties) = preSolution
		HideSolutionNode = FALSE
	EndGlobalSection
EndGlobal
