
Microsoft Visual Studio Solution File, Format Version 12.00
# Visual Studio 14
VisualStudioVersion = 14.0.25420.1
MinimumVisualStudioVersion = 10.0.40219.1
Project("{FAE04EC0-301F-11D3-BF4B-00C04F79EFBC}") = "FitSenseApp.Droid", "FitSenseApp\FitSenseApp.Droid\FitSenseApp.Droid.csproj", "{142B8476-3300-4101-84B0-2ABB03C3BA59}"
EndProject
Project("{FAE04EC0-301F-11D3-BF4B-00C04F79EFBC}") = "FitSenseApp.iOS", "FitSenseApp\FitSenseApp.iOS\FitSenseApp.iOS.csproj", "{34CCCAA5-6780-48D9-A3A0-76075FDD5284}"
EndProject
Project("{FAE04EC0-301F-11D3-BF4B-00C04F79EFBC}") = "FitSenseApp.WinPhone", "FitSenseApp\FitSenseApp.WinPhone\FitSenseApp.WinPhone.csproj", "{9CFDA5B3-DCD3-488B-812E-78E4F7D5B398}"
EndProject
Project("{FAE04EC0-301F-11D3-BF4B-00C04F79EFBC}") = "FitSenseApp.UWP", "FitSenseApp\FitSenseApp.UWP\FitSenseApp.UWP.csproj", "{90BCE203-BF88-49C2-8274-D60B4740F73C}"
EndProject
Project("{FAE04EC0-301F-11D3-BF4B-00C04F79EFBC}") = "FitSenseApp.Windows", "FitSenseApp\FitSenseApp.Windows\FitSenseApp.Windows.csproj", "{D5BC52D3-5FF4-4E30-A224-AE911B108B2E}"
EndProject
Project("{FAE04EC0-301F-11D3-BF4B-00C04F79EFBC}") = "FitSenseApp", "FitSenseApp\FitSenseApp\FitSenseApp.csproj", "{3F9FB3C7-08F1-41E2-A692-6FA7F20F648D}"
EndProject
Global
	GlobalSection(SolutionConfigurationPlatforms) = preSolution
		Ad-Hoc|Any CPU = Ad-Hoc|Any CPU
		Ad-Hoc|ARM = Ad-Hoc|ARM
		Ad-Hoc|iPhone = Ad-Hoc|iPhone
		Ad-Hoc|iPhoneSimulator = Ad-Hoc|iPhoneSimulator
		Ad-Hoc|x64 = Ad-Hoc|x64
		Ad-Hoc|x86 = Ad-Hoc|x86
		AppStore|Any CPU = AppStore|Any CPU
		AppStore|ARM = AppStore|ARM
		AppStore|iPhone = AppStore|iPhone
		AppStore|iPhoneSimulator = AppStore|iPhoneSimulator
		AppStore|x64 = AppStore|x64
		AppStore|x86 = AppStore|x86
		Debug|Any CPU = Debug|Any CPU
		Debug|ARM = Debug|ARM
		Debug|iPhone = Debug|iPhone
		Debug|iPhoneSimulator = Debug|iPhoneSimulator
		Debug|x64 = Debug|x64
		Debug|x86 = Debug|x86
		Release|Any CPU = Release|Any CPU
		Release|ARM = Release|ARM
		Release|iPhone = Release|iPhone
		Release|iPhoneSimulator = Release|iPhoneSimulator
		Release|x64 = Release|x64
		Release|x86 = Release|x86
	EndGlobalSection
	GlobalSection(ProjectConfigurationPlatforms) = postSolution
		{142B8476-3300-4101-84B0-2ABB03C3BA59}.Ad-Hoc|Any CPU.ActiveCfg = Release|Any CPU
		{142B8476-3300-4101-84B0-2ABB03C3BA59}.Ad-Hoc|Any CPU.Build.0 = Release|Any CPU
		{142B8476-3300-4101-84B0-2ABB03C3BA59}.Ad-Hoc|Any CPU.Deploy.0 = Release|Any CPU
		{142B8476-3300-4101-84B0-2ABB03C3BA59}.Ad-Hoc|ARM.ActiveCfg = Release|Any CPU
		{142B8476-3300-4101-84B0-2ABB03C3BA59}.Ad-Hoc|ARM.Build.0 = Release|Any CPU
		{142B8476-3300-4101-84B0-2ABB03C3BA59}.Ad-Hoc|ARM.Deploy.0 = Release|Any CPU
		{142B8476-3300-4101-84B0-2ABB03C3BA59}.Ad-Hoc|iPhone.ActiveCfg = Release|Any CPU
		{142B8476-3300-4101-84B0-2ABB03C3BA59}.Ad-Hoc|iPhone.Build.0 = Release|Any CPU
		{142B8476-3300-4101-84B0-2ABB03C3BA59}.Ad-Hoc|iPhone.Deploy.0 = Release|Any CPU
		{142B8476-3300-4101-84B0-2ABB03C3BA59}.Ad-Hoc|iPhoneSimulator.ActiveCfg = Release|Any CPU
		{142B8476-3300-4101-84B0-2ABB03C3BA59}.Ad-Hoc|iPhoneSimulator.Build.0 = Release|Any CPU
		{142B8476-3300-4101-84B0-2ABB03C3BA59}.Ad-Hoc|iPhoneSimulator.Deploy.0 = Release|Any CPU
		{142B8476-3300-4101-84B0-2ABB03C3BA59}.Ad-Hoc|x64.ActiveCfg = Release|Any CPU
		{142B8476-3300-4101-84B0-2ABB03C3BA59}.Ad-Hoc|x64.Build.0 = Release|Any CPU
		{142B8476-3300-4101-84B0-2ABB03C3BA59}.Ad-Hoc|x64.Deploy.0 = Release|Any CPU
		{142B8476-3300-4101-84B0-2ABB03C3BA59}.Ad-Hoc|x86.ActiveCfg = Release|Any CPU
		{142B8476-3300-4101-84B0-2ABB03C3BA59}.Ad-Hoc|x86.Build.0 = Release|Any CPU
		{142B8476-3300-4101-84B0-2ABB03C3BA59}.Ad-Hoc|x86.Deploy.0 = Release|Any CPU
		{142B8476-3300-4101-84B0-2ABB03C3BA59}.AppStore|Any CPU.ActiveCfg = Release|Any CPU
		{142B8476-3300-4101-84B0-2ABB03C3BA59}.AppStore|Any CPU.Build.0 = Release|Any CPU
		{142B8476-3300-4101-84B0-2ABB03C3BA59}.AppStore|Any CPU.Deploy.0 = Release|Any CPU
		{142B8476-3300-4101-84B0-2ABB03C3BA59}.AppStore|ARM.ActiveCfg = Release|Any CPU
		{142B8476-3300-4101-84B0-2ABB03C3BA59}.AppStore|ARM.Build.0 = Release|Any CPU
		{142B8476-3300-4101-84B0-2ABB03C3BA59}.AppStore|ARM.Deploy.0 = Release|Any CPU
		{142B8476-3300-4101-84B0-2ABB03C3BA59}.AppStore|iPhone.ActiveCfg = Release|Any CPU
		{142B8476-3300-4101-84B0-2ABB03C3BA59}.AppStore|iPhone.Build.0 = Release|Any CPU
		{142B8476-3300-4101-84B0-2ABB03C3BA59}.AppStore|iPhone.Deploy.0 = Release|Any CPU
		{142B8476-3300-4101-84B0-2ABB03C3BA59}.AppStore|iPhoneSimulator.ActiveCfg = Release|Any CPU
		{142B8476-3300-4101-84B0-2ABB03C3BA59}.AppStore|iPhoneSimulator.Build.0 = Release|Any CPU
		{142B8476-3300-4101-84B0-2ABB03C3BA59}.AppStore|iPhoneSimulator.Deploy.0 = Release|Any CPU
		{142B8476-3300-4101-84B0-2ABB03C3BA59}.AppStore|x64.ActiveCfg = Release|Any CPU
		{142B8476-3300-4101-84B0-2ABB03C3BA59}.AppStore|x64.Build.0 = Release|Any CPU
		{142B8476-3300-4101-84B0-2ABB03C3BA59}.AppStore|x64.Deploy.0 = Release|Any CPU
		{142B8476-3300-4101-84B0-2ABB03C3BA59}.AppStore|x86.ActiveCfg = Release|Any CPU
		{142B8476-3300-4101-84B0-2ABB03C3BA59}.AppStore|x86.Build.0 = Release|Any CPU
		{142B8476-3300-4101-84B0-2ABB03C3BA59}.AppStore|x86.Deploy.0 = Release|Any CPU
		{142B8476-3300-4101-84B0-2ABB03C3BA59}.Debug|Any CPU.ActiveCfg = Debug|Any CPU
		{142B8476-3300-4101-84B0-2ABB03C3BA59}.Debug|Any CPU.Build.0 = Debug|Any CPU
		{142B8476-3300-4101-84B0-2ABB03C3BA59}.Debug|Any CPU.Deploy.0 = Debug|Any CPU
		{142B8476-3300-4101-84B0-2ABB03C3BA59}.Debug|ARM.ActiveCfg = Debug|Any CPU
		{142B8476-3300-4101-84B0-2ABB03C3BA59}.Debug|ARM.Build.0 = Debug|Any CPU
		{142B8476-3300-4101-84B0-2ABB03C3BA59}.Debug|ARM.Deploy.0 = Debug|Any CPU
		{142B8476-3300-4101-84B0-2ABB03C3BA59}.Debug|iPhone.ActiveCfg = Debug|Any CPU
		{142B8476-3300-4101-84B0-2ABB03C3BA59}.Debug|iPhone.Build.0 = Debug|Any CPU
		{142B8476-3300-4101-84B0-2ABB03C3BA59}.Debug|iPhone.Deploy.0 = Debug|Any CPU
		{142B8476-3300-4101-84B0-2ABB03C3BA59}.Debug|iPhoneSimulator.ActiveCfg = Debug|Any CPU
		{142B8476-3300-4101-84B0-2ABB03C3BA59}.Debug|iPhoneSimulator.Build.0 = Debug|Any CPU
		{142B8476-3300-4101-84B0-2ABB03C3BA59}.Debug|iPhoneSimulator.Deploy.0 = Debug|Any CPU
		{142B8476-3300-4101-84B0-2ABB03C3BA59}.Debug|x64.ActiveCfg = Debug|Any CPU
		{142B8476-3300-4101-84B0-2ABB03C3BA59}.Debug|x64.Build.0 = Debug|Any CPU
		{142B8476-3300-4101-84B0-2ABB03C3BA59}.Debug|x64.Deploy.0 = Debug|Any CPU
		{142B8476-3300-4101-84B0-2ABB03C3BA59}.Debug|x86.ActiveCfg = Debug|Any CPU
		{142B8476-3300-4101-84B0-2ABB03C3BA59}.Debug|x86.Build.0 = Debug|Any CPU
		{142B8476-3300-4101-84B0-2ABB03C3BA59}.Debug|x86.Deploy.0 = Debug|Any CPU
		{142B8476-3300-4101-84B0-2ABB03C3BA59}.Release|Any CPU.ActiveCfg = Release|Any CPU
		{142B8476-3300-4101-84B0-2ABB03C3BA59}.Release|Any CPU.Build.0 = Release|Any CPU
		{142B8476-3300-4101-84B0-2ABB03C3BA59}.Release|Any CPU.Deploy.0 = Release|Any CPU
		{142B8476-3300-4101-84B0-2ABB03C3BA59}.Release|ARM.ActiveCfg = Release|Any CPU
		{142B8476-3300-4101-84B0-2ABB03C3BA59}.Release|ARM.Build.0 = Release|Any CPU
		{142B8476-3300-4101-84B0-2ABB03C3BA59}.Release|ARM.Deploy.0 = Release|Any CPU
		{142B8476-3300-4101-84B0-2ABB03C3BA59}.Release|iPhone.ActiveCfg = Release|Any CPU
		{142B8476-3300-4101-84B0-2ABB03C3BA59}.Release|iPhone.Build.0 = Release|Any CPU
		{142B8476-3300-4101-84B0-2ABB03C3BA59}.Release|iPhone.Deploy.0 = Release|Any CPU
		{142B8476-3300-4101-84B0-2ABB03C3BA59}.Release|iPhoneSimulator.ActiveCfg = Release|Any CPU
		{142B8476-3300-4101-84B0-2ABB03C3BA59}.Release|iPhoneSimulator.Build.0 = Release|Any CPU
		{142B8476-3300-4101-84B0-2ABB03C3BA59}.Release|iPhoneSimulator.Deploy.0 = Release|Any CPU
		{142B8476-3300-4101-84B0-2ABB03C3BA59}.Release|x64.ActiveCfg = Release|Any CPU
		{142B8476-3300-4101-84B0-2ABB03C3BA59}.Release|x64.Build.0 = Release|Any CPU
		{142B8476-3300-4101-84B0-2ABB03C3BA59}.Release|x64.Deploy.0 = Release|Any CPU
		{142B8476-3300-4101-84B0-2ABB03C3BA59}.Release|x86.ActiveCfg = Release|Any CPU
		{142B8476-3300-4101-84B0-2ABB03C3BA59}.Release|x86.Build.0 = Release|Any CPU
		{142B8476-3300-4101-84B0-2ABB03C3BA59}.Release|x86.Deploy.0 = Release|Any CPU
		{34CCCAA5-6780-48D9-A3A0-76075FDD5284}.Ad-Hoc|Any CPU.ActiveCfg = Ad-Hoc|iPhone
		{34CCCAA5-6780-48D9-A3A0-76075FDD5284}.Ad-Hoc|ARM.ActiveCfg = Ad-Hoc|iPhone
		{34CCCAA5-6780-48D9-A3A0-76075FDD5284}.Ad-Hoc|iPhone.ActiveCfg = Ad-Hoc|iPhone
		{34CCCAA5-6780-48D9-A3A0-76075FDD5284}.Ad-Hoc|iPhone.Build.0 = Ad-Hoc|iPhone
		{34CCCAA5-6780-48D9-A3A0-76075FDD5284}.Ad-Hoc|iPhoneSimulator.ActiveCfg = Ad-Hoc|iPhoneSimulator
		{34CCCAA5-6780-48D9-A3A0-76075FDD5284}.Ad-Hoc|iPhoneSimulator.Build.0 = Ad-Hoc|iPhoneSimulator
		{34CCCAA5-6780-48D9-A3A0-76075FDD5284}.Ad-Hoc|x64.ActiveCfg = Ad-Hoc|iPhone
		{34CCCAA5-6780-48D9-A3A0-76075FDD5284}.Ad-Hoc|x86.ActiveCfg = Ad-Hoc|iPhone
		{34CCCAA5-6780-48D9-A3A0-76075FDD5284}.AppStore|Any CPU.ActiveCfg = AppStore|iPhone
		{34CCCAA5-6780-48D9-A3A0-76075FDD5284}.AppStore|ARM.ActiveCfg = AppStore|iPhone
		{34CCCAA5-6780-48D9-A3A0-76075FDD5284}.AppStore|iPhone.ActiveCfg = AppStore|iPhone
		{34CCCAA5-6780-48D9-A3A0-76075FDD5284}.AppStore|iPhone.Build.0 = AppStore|iPhone
		{34CCCAA5-6780-48D9-A3A0-76075FDD5284}.AppStore|iPhoneSimulator.ActiveCfg = AppStore|iPhoneSimulator
		{34CCCAA5-6780-48D9-A3A0-76075FDD5284}.AppStore|iPhoneSimulator.Build.0 = AppStore|iPhoneSimulator
		{34CCCAA5-6780-48D9-A3A0-76075FDD5284}.AppStore|x64.ActiveCfg = AppStore|iPhone
		{34CCCAA5-6780-48D9-A3A0-76075FDD5284}.AppStore|x86.ActiveCfg = AppStore|iPhone
		{34CCCAA5-6780-48D9-A3A0-76075FDD5284}.Debug|Any CPU.ActiveCfg = Debug|iPhone
		{34CCCAA5-6780-48D9-A3A0-76075FDD5284}.Debug|ARM.ActiveCfg = Debug|iPhone
		{34CCCAA5-6780-48D9-A3A0-76075FDD5284}.Debug|iPhone.ActiveCfg = Debug|iPhone
		{34CCCAA5-6780-48D9-A3A0-76075FDD5284}.Debug|iPhone.Build.0 = Debug|iPhone
		{34CCCAA5-6780-48D9-A3A0-76075FDD5284}.Debug|iPhoneSimulator.ActiveCfg = Debug|iPhoneSimulator
		{34CCCAA5-6780-48D9-A3A0-76075FDD5284}.Debug|iPhoneSimulator.Build.0 = Debug|iPhoneSimulator
		{34CCCAA5-6780-48D9-A3A0-76075FDD5284}.Debug|x64.ActiveCfg = Debug|iPhone
		{34CCCAA5-6780-48D9-A3A0-76075FDD5284}.Debug|x86.ActiveCfg = Debug|iPhone
		{34CCCAA5-6780-48D9-A3A0-76075FDD5284}.Release|Any CPU.ActiveCfg = Release|iPhone
		{34CCCAA5-6780-48D9-A3A0-76075FDD5284}.Release|ARM.ActiveCfg = Release|iPhone
		{34CCCAA5-6780-48D9-A3A0-76075FDD5284}.Release|iPhone.ActiveCfg = Release|iPhone
		{34CCCAA5-6780-48D9-A3A0-76075FDD5284}.Release|iPhone.Build.0 = Release|iPhone
		{34CCCAA5-6780-48D9-A3A0-76075FDD5284}.Release|iPhoneSimulator.ActiveCfg = Release|iPhoneSimulator
		{34CCCAA5-6780-48D9-A3A0-76075FDD5284}.Release|iPhoneSimulator.Build.0 = Release|iPhoneSimulator
		{34CCCAA5-6780-48D9-A3A0-76075FDD5284}.Release|x64.ActiveCfg = Release|iPhone
		{34CCCAA5-6780-48D9-A3A0-76075FDD5284}.Release|x86.ActiveCfg = Release|iPhone
		{9CFDA5B3-DCD3-488B-812E-78E4F7D5B398}.Ad-Hoc|Any CPU.ActiveCfg = Release|Any CPU
		{9CFDA5B3-DCD3-488B-812E-78E4F7D5B398}.Ad-Hoc|Any CPU.Build.0 = Release|Any CPU
		{9CFDA5B3-DCD3-488B-812E-78E4F7D5B398}.Ad-Hoc|Any CPU.Deploy.0 = Release|Any CPU
		{9CFDA5B3-DCD3-488B-812E-78E4F7D5B398}.Ad-Hoc|ARM.ActiveCfg = Release|ARM
		{9CFDA5B3-DCD3-488B-812E-78E4F7D5B398}.Ad-Hoc|ARM.Build.0 = Release|ARM
		{9CFDA5B3-DCD3-488B-812E-78E4F7D5B398}.Ad-Hoc|ARM.Deploy.0 = Release|ARM
		{9CFDA5B3-DCD3-488B-812E-78E4F7D5B398}.Ad-Hoc|iPhone.ActiveCfg = Release|Any CPU
		{9CFDA5B3-DCD3-488B-812E-78E4F7D5B398}.Ad-Hoc|iPhone.Build.0 = Release|Any CPU
		{9CFDA5B3-DCD3-488B-812E-78E4F7D5B398}.Ad-Hoc|iPhone.Deploy.0 = Release|Any CPU
		{9CFDA5B3-DCD3-488B-812E-78E4F7D5B398}.Ad-Hoc|iPhoneSimulator.ActiveCfg = Release|Any CPU
		{9CFDA5B3-DCD3-488B-812E-78E4F7D5B398}.Ad-Hoc|iPhoneSimulator.Build.0 = Release|Any CPU
		{9CFDA5B3-DCD3-488B-812E-78E4F7D5B398}.Ad-Hoc|iPhoneSimulator.Deploy.0 = Release|Any CPU
		{9CFDA5B3-DCD3-488B-812E-78E4F7D5B398}.Ad-Hoc|x64.ActiveCfg = Release|Any CPU
		{9CFDA5B3-DCD3-488B-812E-78E4F7D5B398}.Ad-Hoc|x64.Build.0 = Release|Any CPU
		{9CFDA5B3-DCD3-488B-812E-78E4F7D5B398}.Ad-Hoc|x64.Deploy.0 = Release|Any CPU
		{9CFDA5B3-DCD3-488B-812E-78E4F7D5B398}.Ad-Hoc|x86.ActiveCfg = Release|x86
		{9CFDA5B3-DCD3-488B-812E-78E4F7D5B398}.Ad-Hoc|x86.Build.0 = Release|x86
		{9CFDA5B3-DCD3-488B-812E-78E4F7D5B398}.Ad-Hoc|x86.Deploy.0 = Release|x86
		{9CFDA5B3-DCD3-488B-812E-78E4F7D5B398}.AppStore|Any CPU.ActiveCfg = Release|Any CPU
		{9CFDA5B3-DCD3-488B-812E-78E4F7D5B398}.AppStore|Any CPU.Build.0 = Release|Any CPU
		{9CFDA5B3-DCD3-488B-812E-78E4F7D5B398}.AppStore|Any CPU.Deploy.0 = Release|Any CPU
		{9CFDA5B3-DCD3-488B-812E-78E4F7D5B398}.AppStore|ARM.ActiveCfg = Release|ARM
		{9CFDA5B3-DCD3-488B-812E-78E4F7D5B398}.AppStore|ARM.Build.0 = Release|ARM
		{9CFDA5B3-DCD3-488B-812E-78E4F7D5B398}.AppStore|ARM.Deploy.0 = Release|ARM
		{9CFDA5B3-DCD3-488B-812E-78E4F7D5B398}.AppStore|iPhone.ActiveCfg = Release|Any CPU
		{9CFDA5B3-DCD3-488B-812E-78E4F7D5B398}.AppStore|iPhone.Build.0 = Release|Any CPU
		{9CFDA5B3-DCD3-488B-812E-78E4F7D5B398}.AppStore|iPhone.Deploy.0 = Release|Any CPU
		{9CFDA5B3-DCD3-488B-812E-78E4F7D5B398}.AppStore|iPhoneSimulator.ActiveCfg = Release|Any CPU
		{9CFDA5B3-DCD3-488B-812E-78E4F7D5B398}.AppStore|iPhoneSimulator.Build.0 = Release|Any CPU
		{9CFDA5B3-DCD3-488B-812E-78E4F7D5B398}.AppStore|iPhoneSimulator.Deploy.0 = Release|Any CPU
		{9CFDA5B3-DCD3-488B-812E-78E4F7D5B398}.AppStore|x64.ActiveCfg = Release|Any CPU
		{9CFDA5B3-DCD3-488B-812E-78E4F7D5B398}.AppStore|x64.Build.0 = Release|Any CPU
		{9CFDA5B3-DCD3-488B-812E-78E4F7D5B398}.AppStore|x64.Deploy.0 = Release|Any CPU
		{9CFDA5B3-DCD3-488B-812E-78E4F7D5B398}.AppStore|x86.ActiveCfg = Release|x86
		{9CFDA5B3-DCD3-488B-812E-78E4F7D5B398}.AppStore|x86.Build.0 = Release|x86
		{9CFDA5B3-DCD3-488B-812E-78E4F7D5B398}.AppStore|x86.Deploy.0 = Release|x86
		{9CFDA5B3-DCD3-488B-812E-78E4F7D5B398}.Debug|Any CPU.ActiveCfg = Debug|Any CPU
		{9CFDA5B3-DCD3-488B-812E-78E4F7D5B398}.Debug|Any CPU.Build.0 = Debug|Any CPU
		{9CFDA5B3-DCD3-488B-812E-78E4F7D5B398}.Debug|Any CPU.Deploy.0 = Debug|Any CPU
		{9CFDA5B3-DCD3-488B-812E-78E4F7D5B398}.Debug|ARM.ActiveCfg = Debug|ARM
		{9CFDA5B3-DCD3-488B-812E-78E4F7D5B398}.Debug|ARM.Build.0 = Debug|ARM
		{9CFDA5B3-DCD3-488B-812E-78E4F7D5B398}.Debug|ARM.Deploy.0 = Debug|ARM
		{9CFDA5B3-DCD3-488B-812E-78E4F7D5B398}.Debug|iPhone.ActiveCfg = Debug|Any CPU
		{9CFDA5B3-DCD3-488B-812E-78E4F7D5B398}.Debug|iPhone.Build.0 = Debug|Any CPU
		{9CFDA5B3-DCD3-488B-812E-78E4F7D5B398}.Debug|iPhone.Deploy.0 = Debug|Any CPU
		{9CFDA5B3-DCD3-488B-812E-78E4F7D5B398}.Debug|iPhoneSimulator.ActiveCfg = Debug|Any CPU
		{9CFDA5B3-DCD3-488B-812E-78E4F7D5B398}.Debug|iPhoneSimulator.Build.0 = Debug|Any CPU
		{9CFDA5B3-DCD3-488B-812E-78E4F7D5B398}.Debug|iPhoneSimulator.Deploy.0 = Debug|Any CPU
		{9CFDA5B3-DCD3-488B-812E-78E4F7D5B398}.Debug|x64.ActiveCfg = Debug|Any CPU
		{9CFDA5B3-DCD3-488B-812E-78E4F7D5B398}.Debug|x64.Build.0 = Debug|Any CPU
		{9CFDA5B3-DCD3-488B-812E-78E4F7D5B398}.Debug|x64.Deploy.0 = Debug|Any CPU
		{9CFDA5B3-DCD3-488B-812E-78E4F7D5B398}.Debug|x86.ActiveCfg = Debug|x86
		{9CFDA5B3-DCD3-488B-812E-78E4F7D5B398}.Debug|x86.Build.0 = Debug|x86
		{9CFDA5B3-DCD3-488B-812E-78E4F7D5B398}.Debug|x86.Deploy.0 = Debug|x86
		{9CFDA5B3-DCD3-488B-812E-78E4F7D5B398}.Release|Any CPU.ActiveCfg = Release|Any CPU
		{9CFDA5B3-DCD3-488B-812E-78E4F7D5B398}.Release|Any CPU.Build.0 = Release|Any CPU
		{9CFDA5B3-DCD3-488B-812E-78E4F7D5B398}.Release|Any CPU.Deploy.0 = Release|Any CPU
		{9CFDA5B3-DCD3-488B-812E-78E4F7D5B398}.Release|ARM.ActiveCfg = Release|ARM
		{9CFDA5B3-DCD3-488B-812E-78E4F7D5B398}.Release|ARM.Build.0 = Release|ARM
		{9CFDA5B3-DCD3-488B-812E-78E4F7D5B398}.Release|ARM.Deploy.0 = Release|ARM
		{9CFDA5B3-DCD3-488B-812E-78E4F7D5B398}.Release|iPhone.ActiveCfg = Release|Any CPU
		{9CFDA5B3-DCD3-488B-812E-78E4F7D5B398}.Release|iPhone.Build.0 = Release|Any CPU
		{9CFDA5B3-DCD3-488B-812E-78E4F7D5B398}.Release|iPhone.Deploy.0 = Release|Any CPU
		{9CFDA5B3-DCD3-488B-812E-78E4F7D5B398}.Release|iPhoneSimulator.ActiveCfg = Release|Any CPU
		{9CFDA5B3-DCD3-488B-812E-78E4F7D5B398}.Release|iPhoneSimulator.Build.0 = Release|Any CPU
		{9CFDA5B3-DCD3-488B-812E-78E4F7D5B398}.Release|iPhoneSimulator.Deploy.0 = Release|Any CPU
		{9CFDA5B3-DCD3-488B-812E-78E4F7D5B398}.Release|x64.ActiveCfg = Release|Any CPU
		{9CFDA5B3-DCD3-488B-812E-78E4F7D5B398}.Release|x64.Build.0 = Release|Any CPU
		{9CFDA5B3-DCD3-488B-812E-78E4F7D5B398}.Release|x64.Deploy.0 = Release|Any CPU
		{9CFDA5B3-DCD3-488B-812E-78E4F7D5B398}.Release|x86.ActiveCfg = Release|x86
		{9CFDA5B3-DCD3-488B-812E-78E4F7D5B398}.Release|x86.Build.0 = Release|x86
		{9CFDA5B3-DCD3-488B-812E-78E4F7D5B398}.Release|x86.Deploy.0 = Release|x86
		{90BCE203-BF88-49C2-8274-D60B4740F73C}.Ad-Hoc|Any CPU.ActiveCfg = Release|x86
		{90BCE203-BF88-49C2-8274-D60B4740F73C}.Ad-Hoc|Any CPU.Build.0 = Release|x86
		{90BCE203-BF88-49C2-8274-D60B4740F73C}.Ad-Hoc|Any CPU.Deploy.0 = Release|x86
		{90BCE203-BF88-49C2-8274-D60B4740F73C}.Ad-Hoc|ARM.ActiveCfg = Release|ARM
		{90BCE203-BF88-49C2-8274-D60B4740F73C}.Ad-Hoc|ARM.Build.0 = Release|ARM
		{90BCE203-BF88-49C2-8274-D60B4740F73C}.Ad-Hoc|ARM.Deploy.0 = Release|ARM
		{90BCE203-BF88-49C2-8274-D60B4740F73C}.Ad-Hoc|iPhone.ActiveCfg = Release|x86
		{90BCE203-BF88-49C2-8274-D60B4740F73C}.Ad-Hoc|iPhone.Build.0 = Release|x86
		{90BCE203-BF88-49C2-8274-D60B4740F73C}.Ad-Hoc|iPhone.Deploy.0 = Release|x86
		{90BCE203-BF88-49C2-8274-D60B4740F73C}.Ad-Hoc|iPhoneSimulator.ActiveCfg = Release|x86
		{90BCE203-BF88-49C2-8274-D60B4740F73C}.Ad-Hoc|iPhoneSimulator.Build.0 = Release|x86
		{90BCE203-BF88-49C2-8274-D60B4740F73C}.Ad-Hoc|iPhoneSimulator.Deploy.0 = Release|x86
		{90BCE203-BF88-49C2-8274-D60B4740F73C}.Ad-Hoc|x64.ActiveCfg = Release|x64
		{90BCE203-BF88-49C2-8274-D60B4740F73C}.Ad-Hoc|x64.Build.0 = Release|x64
		{90BCE203-BF88-49C2-8274-D60B4740F73C}.Ad-Hoc|x64.Deploy.0 = Release|x64
		{90BCE203-BF88-49C2-8274-D60B4740F73C}.Ad-Hoc|x86.ActiveCfg = Release|x86
		{90BCE203-BF88-49C2-8274-D60B4740F73C}.Ad-Hoc|x86.Build.0 = Release|x86
		{90BCE203-BF88-49C2-8274-D60B4740F73C}.Ad-Hoc|x86.Deploy.0 = Release|x86
		{90BCE203-BF88-49C2-8274-D60B4740F73C}.AppStore|Any CPU.ActiveCfg = Release|x86
		{90BCE203-BF88-49C2-8274-D60B4740F73C}.AppStore|Any CPU.Build.0 = Release|x86
		{90BCE203-BF88-49C2-8274-D60B4740F73C}.AppStore|Any CPU.Deploy.0 = Release|x86
		{90BCE203-BF88-49C2-8274-D60B4740F73C}.AppStore|ARM.ActiveCfg = Release|ARM
		{90BCE203-BF88-49C2-8274-D60B4740F73C}.AppStore|ARM.Build.0 = Release|ARM
		{90BCE203-BF88-49C2-8274-D60B4740F73C}.AppStore|ARM.Deploy.0 = Release|ARM
		{90BCE203-BF88-49C2-8274-D60B4740F73C}.AppStore|iPhone.ActiveCfg = Release|x86
		{90BCE203-BF88-49C2-8274-D60B4740F73C}.AppStore|iPhone.Build.0 = Release|x86
		{90BCE203-BF88-49C2-8274-D60B4740F73C}.AppStore|iPhone.Deploy.0 = Release|x86
		{90BCE203-BF88-49C2-8274-D60B4740F73C}.AppStore|iPhoneSimulator.ActiveCfg = Release|x86
		{90BCE203-BF88-49C2-8274-D60B4740F73C}.AppStore|iPhoneSimulator.Build.0 = Release|x86
		{90BCE203-BF88-49C2-8274-D60B4740F73C}.AppStore|iPhoneSimulator.Deploy.0 = Release|x86
		{90BCE203-BF88-49C2-8274-D60B4740F73C}.AppStore|x64.ActiveCfg = Release|x64
		{90BCE203-BF88-49C2-8274-D60B4740F73C}.AppStore|x64.Build.0 = Release|x64
		{90BCE203-BF88-49C2-8274-D60B4740F73C}.AppStore|x64.Deploy.0 = Release|x64
		{90BCE203-BF88-49C2-8274-D60B4740F73C}.AppStore|x86.ActiveCfg = Release|x86
		{90BCE203-BF88-49C2-8274-D60B4740F73C}.AppStore|x86.Build.0 = Release|x86
		{90BCE203-BF88-49C2-8274-D60B4740F73C}.AppStore|x86.Deploy.0 = Release|x86
		{90BCE203-BF88-49C2-8274-D60B4740F73C}.Debug|Any CPU.ActiveCfg = Debug|x86
		{90BCE203-BF88-49C2-8274-D60B4740F73C}.Debug|ARM.ActiveCfg = Debug|ARM
		{90BCE203-BF88-49C2-8274-D60B4740F73C}.Debug|ARM.Build.0 = Debug|ARM
		{90BCE203-BF88-49C2-8274-D60B4740F73C}.Debug|ARM.Deploy.0 = Debug|ARM
		{90BCE203-BF88-49C2-8274-D60B4740F73C}.Debug|iPhone.ActiveCfg = Debug|x86
		{90BCE203-BF88-49C2-8274-D60B4740F73C}.Debug|iPhoneSimulator.ActiveCfg = Debug|x86
		{90BCE203-BF88-49C2-8274-D60B4740F73C}.Debug|x64.ActiveCfg = Debug|x64
		{90BCE203-BF88-49C2-8274-D60B4740F73C}.Debug|x64.Build.0 = Debug|x64
		{90BCE203-BF88-49C2-8274-D60B4740F73C}.Debug|x64.Deploy.0 = Debug|x64
		{90BCE203-BF88-49C2-8274-D60B4740F73C}.Debug|x86.ActiveCfg = Debug|x86
		{90BCE203-BF88-49C2-8274-D60B4740F73C}.Debug|x86.Build.0 = Debug|x86
		{90BCE203-BF88-49C2-8274-D60B4740F73C}.Debug|x86.Deploy.0 = Debug|x86
		{90BCE203-BF88-49C2-8274-D60B4740F73C}.Release|Any CPU.ActiveCfg = Release|x86
		{90BCE203-BF88-49C2-8274-D60B4740F73C}.Release|ARM.ActiveCfg = Release|ARM
		{90BCE203-BF88-49C2-8274-D60B4740F73C}.Release|ARM.Build.0 = Release|ARM
		{90BCE203-BF88-49C2-8274-D60B4740F73C}.Release|ARM.Deploy.0 = Release|ARM
		{90BCE203-BF88-49C2-8274-D60B4740F73C}.Release|iPhone.ActiveCfg = Release|x86
		{90BCE203-BF88-49C2-8274-D60B4740F73C}.Release|iPhoneSimulator.ActiveCfg = Release|x86
		{90BCE203-BF88-49C2-8274-D60B4740F73C}.Release|x64.ActiveCfg = Release|x64
		{90BCE203-BF88-49C2-8274-D60B4740F73C}.Release|x64.Build.0 = Release|x64
		{90BCE203-BF88-49C2-8274-D60B4740F73C}.Release|x64.Deploy.0 = Release|x64
		{90BCE203-BF88-49C2-8274-D60B4740F73C}.Release|x86.ActiveCfg = Release|x86
		{90BCE203-BF88-49C2-8274-D60B4740F73C}.Release|x86.Build.0 = Release|x86
		{90BCE203-BF88-49C2-8274-D60B4740F73C}.Release|x86.Deploy.0 = Release|x86
		{D5BC52D3-5FF4-4E30-A224-AE911B108B2E}.Ad-Hoc|Any CPU.ActiveCfg = Release|Any CPU
		{D5BC52D3-5FF4-4E30-A224-AE911B108B2E}.Ad-Hoc|Any CPU.Build.0 = Release|Any CPU
		{D5BC52D3-5FF4-4E30-A224-AE911B108B2E}.Ad-Hoc|Any CPU.Deploy.0 = Release|Any CPU
		{D5BC52D3-5FF4-4E30-A224-AE911B108B2E}.Ad-Hoc|ARM.ActiveCfg = Release|ARM
		{D5BC52D3-5FF4-4E30-A224-AE911B108B2E}.Ad-Hoc|ARM.Build.0 = Release|ARM
		{D5BC52D3-5FF4-4E30-A224-AE911B108B2E}.Ad-Hoc|ARM.Deploy.0 = Release|ARM
		{D5BC52D3-5FF4-4E30-A224-AE911B108B2E}.Ad-Hoc|iPhone.ActiveCfg = Release|Any CPU
		{D5BC52D3-5FF4-4E30-A224-AE911B108B2E}.Ad-Hoc|iPhone.Build.0 = Release|Any CPU
		{D5BC52D3-5FF4-4E30-A224-AE911B108B2E}.Ad-Hoc|iPhone.Deploy.0 = Release|Any CPU
		{D5BC52D3-5FF4-4E30-A224-AE911B108B2E}.Ad-Hoc|iPhoneSimulator.ActiveCfg = Release|Any CPU
		{D5BC52D3-5FF4-4E30-A224-AE911B108B2E}.Ad-Hoc|iPhoneSimulator.Build.0 = Release|Any CPU
		{D5BC52D3-5FF4-4E30-A224-AE911B108B2E}.Ad-Hoc|iPhoneSimulator.Deploy.0 = Release|Any CPU
		{D5BC52D3-5FF4-4E30-A224-AE911B108B2E}.Ad-Hoc|x64.ActiveCfg = Release|x64
		{D5BC52D3-5FF4-4E30-A224-AE911B108B2E}.Ad-Hoc|x64.Build.0 = Release|x64
		{D5BC52D3-5FF4-4E30-A224-AE911B108B2E}.Ad-Hoc|x64.Deploy.0 = Release|x64
		{D5BC52D3-5FF4-4E30-A224-AE911B108B2E}.Ad-Hoc|x86.ActiveCfg = Release|x86
		{D5BC52D3-5FF4-4E30-A224-AE911B108B2E}.Ad-Hoc|x86.Build.0 = Release|x86
		{D5BC52D3-5FF4-4E30-A224-AE911B108B2E}.Ad-Hoc|x86.Deploy.0 = Release|x86
		{D5BC52D3-5FF4-4E30-A224-AE911B108B2E}.AppStore|Any CPU.ActiveCfg = Release|Any CPU
		{D5BC52D3-5FF4-4E30-A224-AE911B108B2E}.AppStore|Any CPU.Build.0 = Release|Any CPU
		{D5BC52D3-5FF4-4E30-A224-AE911B108B2E}.AppStore|Any CPU.Deploy.0 = Release|Any CPU
		{D5BC52D3-5FF4-4E30-A224-AE911B108B2E}.AppStore|ARM.ActiveCfg = Release|ARM
		{D5BC52D3-5FF4-4E30-A224-AE911B108B2E}.AppStore|ARM.Build.0 = Release|ARM
		{D5BC52D3-5FF4-4E30-A224-AE911B108B2E}.AppStore|ARM.Deploy.0 = Release|ARM
		{D5BC52D3-5FF4-4E30-A224-AE911B108B2E}.AppStore|iPhone.ActiveCfg = Release|Any CPU
		{D5BC52D3-5FF4-4E30-A224-AE911B108B2E}.AppStore|iPhone.Build.0 = Release|Any CPU
		{D5BC52D3-5FF4-4E30-A224-AE911B108B2E}.AppStore|iPhone.Deploy.0 = Release|Any CPU
		{D5BC52D3-5FF4-4E30-A224-AE911B108B2E}.AppStore|iPhoneSimulator.ActiveCfg = Release|Any CPU
		{D5BC52D3-5FF4-4E30-A224-AE911B108B2E}.AppStore|iPhoneSimulator.Build.0 = Release|Any CPU
		{D5BC52D3-5FF4-4E30-A224-AE911B108B2E}.AppStore|iPhoneSimulator.Deploy.0 = Release|Any CPU
		{D5BC52D3-5FF4-4E30-A224-AE911B108B2E}.AppStore|x64.ActiveCfg = Release|x64
		{D5BC52D3-5FF4-4E30-A224-AE911B108B2E}.AppStore|x64.Build.0 = Release|x64
		{D5BC52D3-5FF4-4E30-A224-AE911B108B2E}.AppStore|x64.Deploy.0 = Release|x64
		{D5BC52D3-5FF4-4E30-A224-AE911B108B2E}.AppStore|x86.ActiveCfg = Release|x86
		{D5BC52D3-5FF4-4E30-A224-AE911B108B2E}.AppStore|x86.Build.0 = Release|x86
		{D5BC52D3-5FF4-4E30-A224-AE911B108B2E}.AppStore|x86.Deploy.0 = Release|x86
		{D5BC52D3-5FF4-4E30-A224-AE911B108B2E}.Debug|Any CPU.ActiveCfg = Debug|Any CPU
		{D5BC52D3-5FF4-4E30-A224-AE911B108B2E}.Debug|Any CPU.Build.0 = Debug|Any CPU
		{D5BC52D3-5FF4-4E30-A224-AE911B108B2E}.Debug|Any CPU.Deploy.0 = Debug|Any CPU
		{D5BC52D3-5FF4-4E30-A224-AE911B108B2E}.Debug|ARM.ActiveCfg = Debug|ARM
		{D5BC52D3-5FF4-4E30-A224-AE911B108B2E}.Debug|ARM.Build.0 = Debug|ARM
		{D5BC52D3-5FF4-4E30-A224-AE911B108B2E}.Debug|ARM.Deploy.0 = Debug|ARM
		{D5BC52D3-5FF4-4E30-A224-AE911B108B2E}.Debug|iPhone.ActiveCfg = Debug|Any CPU
		{D5BC52D3-5FF4-4E30-A224-AE911B108B2E}.Debug|iPhone.Build.0 = Debug|Any CPU
		{D5BC52D3-5FF4-4E30-A224-AE911B108B2E}.Debug|iPhone.Deploy.0 = Debug|Any CPU
		{D5BC52D3-5FF4-4E30-A224-AE911B108B2E}.Debug|iPhoneSimulator.ActiveCfg = Debug|Any CPU
		{D5BC52D3-5FF4-4E30-A224-AE911B108B2E}.Debug|iPhoneSimulator.Build.0 = Debug|Any CPU
		{D5BC52D3-5FF4-4E30-A224-AE911B108B2E}.Debug|iPhoneSimulator.Deploy.0 = Debug|Any CPU
		{D5BC52D3-5FF4-4E30-A224-AE911B108B2E}.Debug|x64.ActiveCfg = Debug|x64
		{D5BC52D3-5FF4-4E30-A224-AE911B108B2E}.Debug|x64.Build.0 = Debug|x64
		{D5BC52D3-5FF4-4E30-A224-AE911B108B2E}.Debug|x64.Deploy.0 = Debug|x64
		{D5BC52D3-5FF4-4E30-A224-AE911B108B2E}.Debug|x86.ActiveCfg = Debug|x86
		{D5BC52D3-5FF4-4E30-A224-AE911B108B2E}.Debug|x86.Build.0 = Debug|x86
		{D5BC52D3-5FF4-4E30-A224-AE911B108B2E}.Debug|x86.Deploy.0 = Debug|x86
		{D5BC52D3-5FF4-4E30-A224-AE911B108B2E}.Release|Any CPU.ActiveCfg = Release|Any CPU
		{D5BC52D3-5FF4-4E30-A224-AE911B108B2E}.Release|Any CPU.Build.0 = Release|Any CPU
		{D5BC52D3-5FF4-4E30-A224-AE911B108B2E}.Release|Any CPU.Deploy.0 = Release|Any CPU
		{D5BC52D3-5FF4-4E30-A224-AE911B108B2E}.Release|ARM.ActiveCfg = Release|ARM
		{D5BC52D3-5FF4-4E30-A224-AE911B108B2E}.Release|ARM.Build.0 = Release|ARM
		{D5BC52D3-5FF4-4E30-A224-AE911B108B2E}.Release|ARM.Deploy.0 = Release|ARM
		{D5BC52D3-5FF4-4E30-A224-AE911B108B2E}.Release|iPhone.ActiveCfg = Release|Any CPU
		{D5BC52D3-5FF4-4E30-A224-AE911B108B2E}.Release|iPhone.Build.0 = Release|Any CPU
		{D5BC52D3-5FF4-4E30-A224-AE911B108B2E}.Release|iPhone.Deploy.0 = Release|Any CPU
		{D5BC52D3-5FF4-4E30-A224-AE911B108B2E}.Release|iPhoneSimulator.ActiveCfg = Release|Any CPU
		{D5BC52D3-5FF4-4E30-A224-AE911B108B2E}.Release|iPhoneSimulator.Build.0 = Release|Any CPU
		{D5BC52D3-5FF4-4E30-A224-AE911B108B2E}.Release|iPhoneSimulator.Deploy.0 = Release|Any CPU
		{D5BC52D3-5FF4-4E30-A224-AE911B108B2E}.Release|x64.ActiveCfg = Release|x64
		{D5BC52D3-5FF4-4E30-A224-AE911B108B2E}.Release|x64.Build.0 = Release|x64
		{D5BC52D3-5FF4-4E30-A224-AE911B108B2E}.Release|x64.Deploy.0 = Release|x64
		{D5BC52D3-5FF4-4E30-A224-AE911B108B2E}.Release|x86.ActiveCfg = Release|x86
		{D5BC52D3-5FF4-4E30-A224-AE911B108B2E}.Release|x86.Build.0 = Release|x86
		{D5BC52D3-5FF4-4E30-A224-AE911B108B2E}.Release|x86.Deploy.0 = Release|x86
		{3F9FB3C7-08F1-41E2-A692-6FA7F20F648D}.Ad-Hoc|Any CPU.ActiveCfg = Release|Any CPU
		{3F9FB3C7-08F1-41E2-A692-6FA7F20F648D}.Ad-Hoc|Any CPU.Build.0 = Release|Any CPU
		{3F9FB3C7-08F1-41E2-A692-6FA7F20F648D}.Ad-Hoc|ARM.ActiveCfg = Release|Any CPU
		{3F9FB3C7-08F1-41E2-A692-6FA7F20F648D}.Ad-Hoc|ARM.Build.0 = Release|Any CPU
		{3F9FB3C7-08F1-41E2-A692-6FA7F20F648D}.Ad-Hoc|iPhone.ActiveCfg = Release|Any CPU
		{3F9FB3C7-08F1-41E2-A692-6FA7F20F648D}.Ad-Hoc|iPhone.Build.0 = Release|Any CPU
		{3F9FB3C7-08F1-41E2-A692-6FA7F20F648D}.Ad-Hoc|iPhoneSimulator.ActiveCfg = Release|Any CPU
		{3F9FB3C7-08F1-41E2-A692-6FA7F20F648D}.Ad-Hoc|iPhoneSimulator.Build.0 = Release|Any CPU
		{3F9FB3C7-08F1-41E2-A692-6FA7F20F648D}.Ad-Hoc|x64.ActiveCfg = Release|Any CPU
		{3F9FB3C7-08F1-41E2-A692-6FA7F20F648D}.Ad-Hoc|x64.Build.0 = Release|Any CPU
		{3F9FB3C7-08F1-41E2-A692-6FA7F20F648D}.Ad-Hoc|x86.ActiveCfg = Release|Any CPU
		{3F9FB3C7-08F1-41E2-A692-6FA7F20F648D}.Ad-Hoc|x86.Build.0 = Release|Any CPU
		{3F9FB3C7-08F1-41E2-A692-6FA7F20F648D}.AppStore|Any CPU.ActiveCfg = Release|Any CPU
		{3F9FB3C7-08F1-41E2-A692-6FA7F20F648D}.AppStore|Any CPU.Build.0 = Release|Any CPU
		{3F9FB3C7-08F1-41E2-A692-6FA7F20F648D}.AppStore|ARM.ActiveCfg = Release|Any CPU
		{3F9FB3C7-08F1-41E2-A692-6FA7F20F648D}.AppStore|ARM.Build.0 = Release|Any CPU
		{3F9FB3C7-08F1-41E2-A692-6FA7F20F648D}.AppStore|iPhone.ActiveCfg = Release|Any CPU
		{3F9FB3C7-08F1-41E2-A692-6FA7F20F648D}.AppStore|iPhone.Build.0 = Release|Any CPU
		{3F9FB3C7-08F1-41E2-A692-6FA7F20F648D}.AppStore|iPhoneSimulator.ActiveCfg = Release|Any CPU
		{3F9FB3C7-08F1-41E2-A692-6FA7F20F648D}.AppStore|iPhoneSimulator.Build.0 = Release|Any CPU
		{3F9FB3C7-08F1-41E2-A692-6FA7F20F648D}.AppStore|x64.ActiveCfg = Release|Any CPU
		{3F9FB3C7-08F1-41E2-A692-6FA7F20F648D}.AppStore|x64.Build.0 = Release|Any CPU
		{3F9FB3C7-08F1-41E2-A692-6FA7F20F648D}.AppStore|x86.ActiveCfg = Release|Any CPU
		{3F9FB3C7-08F1-41E2-A692-6FA7F20F648D}.AppStore|x86.Build.0 = Release|Any CPU
		{3F9FB3C7-08F1-41E2-A692-6FA7F20F648D}.Debug|Any CPU.ActiveCfg = Debug|Any CPU
		{3F9FB3C7-08F1-41E2-A692-6FA7F20F648D}.Debug|Any CPU.Build.0 = Debug|Any CPU
		{3F9FB3C7-08F1-41E2-A692-6FA7F20F648D}.Debug|ARM.ActiveCfg = Debug|Any CPU
		{3F9FB3C7-08F1-41E2-A692-6FA7F20F648D}.Debug|ARM.Build.0 = Debug|Any CPU
		{3F9FB3C7-08F1-41E2-A692-6FA7F20F648D}.Debug|iPhone.ActiveCfg = Debug|Any CPU
		{3F9FB3C7-08F1-41E2-A692-6FA7F20F648D}.Debug|iPhone.Build.0 = Debug|Any CPU
		{3F9FB3C7-08F1-41E2-A692-6FA7F20F648D}.Debug|iPhoneSimulator.ActiveCfg = Debug|Any CPU
		{3F9FB3C7-08F1-41E2-A692-6FA7F20F648D}.Debug|iPhoneSimulator.Build.0 = Debug|Any CPU
		{3F9FB3C7-08F1-41E2-A692-6FA7F20F648D}.Debug|x64.ActiveCfg = Debug|Any CPU
		{3F9FB3C7-08F1-41E2-A692-6FA7F20F648D}.Debug|x64.Build.0 = Debug|Any CPU
		{3F9FB3C7-08F1-41E2-A692-6FA7F20F648D}.Debug|x86.ActiveCfg = Debug|Any CPU
		{3F9FB3C7-08F1-41E2-A692-6FA7F20F648D}.Debug|x86.Build.0 = Debug|Any CPU
		{3F9FB3C7-08F1-41E2-A692-6FA7F20F648D}.Release|Any CPU.ActiveCfg = Release|Any CPU
		{3F9FB3C7-08F1-41E2-A692-6FA7F20F648D}.Release|Any CPU.Build.0 = Release|Any CPU
		{3F9FB3C7-08F1-41E2-A692-6FA7F20F648D}.Release|ARM.ActiveCfg = Release|Any CPU
		{3F9FB3C7-08F1-41E2-A692-6FA7F20F648D}.Release|ARM.Build.0 = Release|Any CPU
		{3F9FB3C7-08F1-41E2-A692-6FA7F20F648D}.Release|iPhone.ActiveCfg = Release|Any CPU
		{3F9FB3C7-08F1-41E2-A692-6FA7F20F648D}.Release|iPhone.Build.0 = Release|Any CPU
		{3F9FB3C7-08F1-41E2-A692-6FA7F20F648D}.Release|iPhoneSimulator.ActiveCfg = Release|Any CPU
		{3F9FB3C7-08F1-41E2-A692-6FA7F20F648D}.Release|iPhoneSimulator.Build.0 = Release|Any CPU
		{3F9FB3C7-08F1-41E2-A692-6FA7F20F648D}.Release|x64.ActiveCfg = Release|Any CPU
		{3F9FB3C7-08F1-41E2-A692-6FA7F20F648D}.Release|x64.Build.0 = Release|Any CPU
		{3F9FB3C7-08F1-41E2-A692-6FA7F20F648D}.Release|x86.ActiveCfg = Release|Any CPU
		{3F9FB3C7-08F1-41E2-A692-6FA7F20F648D}.Release|x86.Build.0 = Release|Any CPU
	EndGlobalSection
	GlobalSection(SolutionProperties) = preSolution
		HideSolutionNode = FALSE
	EndGlobalSection
EndGlobal
